// !$*UTF8*$!
{
	archiveVersion = 1;
	classes = {
	};
	objectVersion = 77;
	objects = {

/* Begin PBXBuildFile section */
		FD5FC55B2D8A0FE500200078 /* libSDL2_mixer-2.0.0.dylib in Frameworks */ = {isa = PBXBuildFile; fileRef = FD5FC5562D8A0FE500200078 /* libSDL2_mixer-2.0.0.dylib */; };
		FD5FC55C2D8A0FE500200078 /* libSDL2_ttf-2.0.0.dylib in Frameworks */ = {isa = PBXBuildFile; fileRef = FD5FC5572D8A0FE500200078 /* libSDL2_ttf-2.0.0.dylib */; };
		FD5FC55D2D8A0FE500200078 /* libSDL2_image-2.0.0.dylib in Frameworks */ = {isa = PBXBuildFile; fileRef = FD5FC5582D8A0FE500200078 /* libSDL2_image-2.0.0.dylib */; };
		FD5FC55E2D8A0FE500200078 /* libSDL2_gfx-1.0.0.dylib in Frameworks */ = {isa = PBXBuildFile; fileRef = FD5FC5592D8A0FE500200078 /* libSDL2_gfx-1.0.0.dylib */; };
		FD5FC55F2D8A0FE500200078 /* libSDL2-2.0.0.dylib in Frameworks */ = {isa = PBXBuildFile; fileRef = FD5FC55A2D8A0FE500200078 /* libSDL2-2.0.0.dylib */; };
/* End PBXBuildFile section */

/* Begin PBXCopyFilesBuildPhase section */
		FD5FC5492D8A0E1500200078 /* CopyFiles */ = {
			isa = PBXCopyFilesBuildPhase;
			buildActionMask = 2147483647;
			dstPath = /usr/share/man/man1/;
			dstSubfolderSpec = 0;
			files = (
			);
			runOnlyForDeploymentPostprocessing = 1;
		};
/* End PBXCopyFilesBuildPhase section */

/* Begin PBXFileReference section */
		FD5FC54B2D8A0E1500200078 /* pacman */ = {isa = PBXFileReference; explicitFileType = "compiled.mach-o.executable"; includeInIndex = 0; path = pacman; sourceTree = BUILT_PRODUCTS_DIR; };
		FD5FC5562D8A0FE500200078 /* libSDL2_mixer-2.0.0.dylib */ = {isa = PBXFileReference; lastKnownFileType = "compiled.mach-o.dylib"; name = "libSDL2_mixer-2.0.0.dylib"; path = "../../../../../../../opt/homebrew/Cellar/sdl2_mixer/2.8.1_1/lib/libSDL2_mixer-2.0.0.dylib"; sourceTree = "<group>"; };
		FD5FC5572D8A0FE500200078 /* libSDL2_ttf-2.0.0.dylib */ = {isa = PBXFileReference; lastKnownFileType = "compiled.mach-o.dylib"; name = "libSDL2_ttf-2.0.0.dylib"; path = "../../../../../../../opt/homebrew/Cellar/sdl2_ttf/2.24.0/lib/libSDL2_ttf-2.0.0.dylib"; sourceTree = "<group>"; };
		FD5FC5582D8A0FE500200078 /* libSDL2_image-2.0.0.dylib */ = {isa = PBXFileReference; lastKnownFileType = "compiled.mach-o.dylib"; name = "libSDL2_image-2.0.0.dylib"; path = "../../../../../../../opt/homebrew/Cellar/sdl2_image/2.8.8/lib/libSDL2_image-2.0.0.dylib"; sourceTree = "<group>"; };
		FD5FC5592D8A0FE500200078 /* libSDL2_gfx-1.0.0.dylib */ = {isa = PBXFileReference; lastKnownFileType = "compiled.mach-o.dylib"; name = "libSDL2_gfx-1.0.0.dylib"; path = "../../../../../../../opt/homebrew/Cellar/sdl2_gfx/1.0.4/lib/libSDL2_gfx-1.0.0.dylib"; sourceTree = "<group>"; };
		FD5FC55A2D8A0FE500200078 /* libSDL2-2.0.0.dylib */ = {isa = PBXFileReference; lastKnownFileType = "compiled.mach-o.dylib"; name = "libSDL2-2.0.0.dylib"; path = "../../../../../../../opt/homebrew/Cellar/sdl2/2.32.2/lib/libSDL2-2.0.0.dylib"; sourceTree = "<group>"; };
/* End PBXFileReference section */

/* Begin PBXFileSystemSynchronizedRootGroup section */
		FD5FC54D2D8A0E1500200078 /* pacman */ = {
			isa = PBXFileSystemSynchronizedRootGroup;
			path = pacman;
			sourceTree = "<group>";
		};
/* End PBXFileSystemSynchronizedRootGroup section */

/* Begin PBXFrameworksBuildPhase section */
		FD5FC5482D8A0E1500200078 /* Frameworks */ = {
			isa = PBXFrameworksBuildPhase;
			buildActionMask = 2147483647;
			files = (
				FD5FC55B2D8A0FE500200078 /* libSDL2_mixer-2.0.0.dylib in Frameworks */,
				FD5FC55C2D8A0FE500200078 /* libSDL2_ttf-2.0.0.dylib in Frameworks */,
				FD5FC55D2D8A0FE500200078 /* libSDL2_image-2.0.0.dylib in Frameworks */,
				FD5FC55E2D8A0FE500200078 /* libSDL2_gfx-1.0.0.dylib in Frameworks */,
				FD5FC55F2D8A0FE500200078 /* libSDL2-2.0.0.dylib in Frameworks */,
			);
			runOnlyForDeploymentPostprocessing = 0;
		};
/* End PBXFrameworksBuildPhase section */

/* Begin PBXGroup section */
		FD5FC5422D8A0E1500200078 = {
			isa = PBXGroup;
			children = (
				FD5FC54D2D8A0E1500200078 /* pacman */,
				FD5FC5552D8A0F5600200078 /* Frameworks */,
				FD5FC54C2D8A0E1500200078 /* Products */,
			);
			sourceTree = "<group>";
		};
		FD5FC54C2D8A0E1500200078 /* Products */ = {
			isa = PBXGroup;
			children = (
				FD5FC54B2D8A0E1500200078 /* pacman */,
			);
			name = Products;
			sourceTree = "<group>";
		};
		FD5FC5552D8A0F5600200078 /* Frameworks */ = {
			isa = PBXGroup;
			children = (
				FD5FC5592D8A0FE500200078 /* libSDL2_gfx-1.0.0.dylib */,
				FD5FC5582D8A0FE500200078 /* libSDL2_image-2.0.0.dylib */,
				FD5FC5562D8A0FE500200078 /* libSDL2_mixer-2.0.0.dylib */,
				FD5FC5572D8A0FE500200078 /* libSDL2_ttf-2.0.0.dylib */,
				FD5FC55A2D8A0FE500200078 /* libSDL2-2.0.0.dylib */,
			);
			name = Frameworks;
			sourceTree = "<group>";
		};
/* End PBXGroup section */

/* Begin PBXNativeTarget section */
		FD5FC54A2D8A0E1500200078 /* pacman */ = {
			isa = PBXNativeTarget;
			buildConfigurationList = FD5FC5522D8A0E1500200078 /* Build configuration list for PBXNativeTarget "pacman" */;
			buildPhases = (
				FD5FC5472D8A0E1500200078 /* Sources */,
				FD5FC5482D8A0E1500200078 /* Frameworks */,
				FD5FC5492D8A0E1500200078 /* CopyFiles */,
			);
			buildRules = (
			);
			dependencies = (
			);
			fileSystemSynchronizedGroups = (
				FD5FC54D2D8A0E1500200078 /* pacman */,
			);
			name = pacman;
			packageProductDependencies = (
			);
			productName = SDL2App;
			productReference = FD5FC54B2D8A0E1500200078 /* pacman */;
			productType = "com.apple.product-type.tool";
		};
/* End PBXNativeTarget section */

/* Begin PBXProject section */
		FD5FC5432D8A0E1500200078 /* Project object */ = {
			isa = PBXProject;
			attributes = {
				BuildIndependentTargetsInParallel = 1;
				LastUpgradeCheck = 1620;
				TargetAttributes = {
					FD5FC54A2D8A0E1500200078 = {
						CreatedOnToolsVersion = 16.2;
						LastSwiftMigration = 1620;
					};
				};
			};
			buildConfigurationList = FD5FC5462D8A0E1500200078 /* Build configuration list for PBXProject "pacman" */;
			developmentRegion = en;
			hasScannedForEncodings = 0;
			knownRegions = (
				en,
				Base,
			);
			mainGroup = FD5FC5422D8A0E1500200078;
			minimizedProjectReferenceProxies = 1;
			preferredProjectObjectVersion = 77;
			productRefGroup = FD5FC54C2D8A0E1500200078 /* Products */;
			projectDirPath = "";
			projectRoot = "";
			targets = (
				FD5FC54A2D8A0E1500200078 /* pacman */,
			);
		};
/* End PBXProject section */

/* Begin PBXSourcesBuildPhase section */
		FD5FC5472D8A0E1500200078 /* Sources */ = {
			isa = PBXSourcesBuildPhase;
			buildActionMask = 2147483647;
			files = (
			);
			runOnlyForDeploymentPostprocessing = 0;
		};
/* End PBXSourcesBuildPhase section */

/* Begin XCBuildConfiguration section */
		FD5FC5502D8A0E1500200078 /* Debug */ = {
			isa = XCBuildConfiguration;
			buildSettings = {
				ALWAYS_SEARCH_USER_PATHS = NO;
				ASSETCATALOG_COMPILER_GENERATE_SWIFT_ASSET_SYMBOL_EXTENSIONS = YES;
				CLANG_ANALYZER_NONNULL = YES;
				CLANG_ANALYZER_NUMBER_OBJECT_CONVERSION = YES_AGGRESSIVE;
				CLANG_CXX_LANGUAGE_STANDARD = "gnu++20";
				CLANG_ENABLE_MODULES = YES;
				CLANG_ENABLE_OBJC_ARC = YES;
				CLANG_ENABLE_OBJC_WEAK = YES;
				CLANG_WARN_BLOCK_CAPTURE_AUTORELEASING = YES;
				CLANG_WARN_BOOL_CONVERSION = YES;
				CLANG_WARN_COMMA = YES;
				CLANG_WARN_CONSTANT_CONVERSION = YES;
				CLANG_WARN_DEPRECATED_OBJC_IMPLEMENTATIONS = YES;
				CLANG_WARN_DIRECT_OBJC_ISA_USAGE = YES_ERROR;
				CLANG_WARN_DOCUMENTATION_COMMENTS = YES;
				CLANG_WARN_EMPTY_BODY = YES;
				CLANG_WARN_ENUM_CONVERSION = YES;
				CLANG_WARN_INFINITE_RECURSION = YES;
				CLANG_WARN_INT_CONVERSION = YES;
				CLANG_WARN_NON_LITERAL_NULL_CONVERSION = YES;
				CLANG_WARN_OBJC_IMPLICIT_RETAIN_SELF = YES;
				CLANG_WARN_OBJC_LITERAL_CONVERSION = YES;
				CLANG_WARN_OBJC_ROOT_CLASS = YES_ERROR;
				CLANG_WARN_QUOTED_INCLUDE_IN_FRAMEWORK_HEADER = YES;
				CLANG_WARN_RANGE_LOOP_ANALYSIS = YES;
				CLANG_WARN_STRICT_PROTOTYPES = YES;
				CLANG_WARN_SUSPICIOUS_MOVE = YES;
				CLANG_WARN_UNGUARDED_AVAILABILITY = YES_AGGRESSIVE;
				CLANG_WARN_UNREACHABLE_CODE = YES;
				CLANG_WARN__DUPLICATE_METHOD_MATCH = YES;
				COPY_PHASE_STRIP = NO;
				DEBUG_INFORMATION_FORMAT = dwarf;
				ENABLE_STRICT_OBJC_MSGSEND = YES;
				ENABLE_TESTABILITY = YES;
				ENABLE_USER_SCRIPT_SANDBOXING = YES;
				GCC_C_LANGUAGE_STANDARD = gnu17;
				GCC_DYNAMIC_NO_PIC = NO;
				GCC_NO_COMMON_BLOCKS = YES;
				GCC_OPTIMIZATION_LEVEL = 0;
				GCC_PREPROCESSOR_DEFINITIONS = (
					"DEBUG=1",
					"$(inherited)",
				);
				GCC_WARN_64_TO_32_BIT_CONVERSION = YES;
				GCC_WARN_ABOUT_RETURN_TYPE = YES_ERROR;
				GCC_WARN_UNDECLARED_SELECTOR = YES;
				GCC_WARN_UNINITIALIZED_AUTOS = YES_AGGRESSIVE;
				GCC_WARN_UNUSED_FUNCTION = YES;
				GCC_WARN_UNUSED_VARIABLE = YES;
				LOCALIZATION_PREFERS_STRING_CATALOGS = YES;
				MACOSX_DEPLOYMENT_TARGET = 14.7;
				MTL_ENABLE_DEBUG_INFO = INCLUDE_SOURCE;
				MTL_FAST_MATH = YES;
				ONLY_ACTIVE_ARCH = YES;
				SDKROOT = macosx;
			};
			name = Debug;
		};
		FD5FC5512D8A0E1500200078 /* Release */ = {
			isa = XCBuildConfiguration;
			buildSettings = {
				ALWAYS_SEARCH_USER_PATHS = NO;
				ASSETCATALOG_COMPILER_GENERATE_SWIFT_ASSET_SYMBOL_EXTENSIONS = YES;
				CLANG_ANALYZER_NONNULL = YES;
				CLANG_ANALYZER_NUMBER_OBJECT_CONVERSION = YES_AGGRESSIVE;
				CLANG_CXX_LANGUAGE_STANDARD = "gnu++20";
				CLANG_ENABLE_MODULES = YES;
				CLANG_ENABLE_OBJC_ARC = YES;
				CLANG_ENABLE_OBJC_WEAK = YES;
				CLANG_WARN_BLOCK_CAPTURE_AUTORELEASING = YES;
				CLANG_WARN_BOOL_CONVERSION = YES;
				CLANG_WARN_COMMA = YES;
				CLANG_WARN_CONSTANT_CONVERSION = YES;
				CLANG_WARN_DEPRECATED_OBJC_IMPLEMENTATIONS = YES;
				CLANG_WARN_DIRECT_OBJC_ISA_USAGE = YES_ERROR;
				CLANG_WARN_DOCUMENTATION_COMMENTS = YES;
				CLANG_WARN_EMPTY_BODY = YES;
				CLANG_WARN_ENUM_CONVERSION = YES;
				CLANG_WARN_INFINITE_RECURSION = YES;
				CLANG_WARN_INT_CONVERSION = YES;
				CLANG_WARN_NON_LITERAL_NULL_CONVERSION = YES;
				CLANG_WARN_OBJC_IMPLICIT_RETAIN_SELF = YES;
				CLANG_WARN_OBJC_LITERAL_CONVERSION = YES;
				CLANG_WARN_OBJC_ROOT_CLASS = YES_ERROR;
				CLANG_WARN_QUOTED_INCLUDE_IN_FRAMEWORK_HEADER = YES;
				CLANG_WARN_RANGE_LOOP_ANALYSIS = YES;
				CLANG_WARN_STRICT_PROTOTYPES = YES;
				CLANG_WARN_SUSPICIOUS_MOVE = YES;
				CLANG_WARN_UNGUARDED_AVAILABILITY = YES_AGGRESSIVE;
				CLANG_WARN_UNREACHABLE_CODE = YES;
				CLANG_WARN__DUPLICATE_METHOD_MATCH = YES;
				COPY_PHASE_STRIP = NO;
				DEBUG_INFORMATION_FORMAT = "dwarf-with-dsym";
				ENABLE_NS_ASSERTIONS = NO;
				ENABLE_STRICT_OBJC_MSGSEND = YES;
				ENABLE_USER_SCRIPT_SANDBOXING = YES;
				GCC_C_LANGUAGE_STANDARD = gnu17;
				GCC_NO_COMMON_BLOCKS = YES;
				GCC_WARN_64_TO_32_BIT_CONVERSION = YES;
				GCC_WARN_ABOUT_RETURN_TYPE = YES_ERROR;
				GCC_WARN_UNDECLARED_SELECTOR = YES;
				GCC_WARN_UNINITIALIZED_AUTOS = YES_AGGRESSIVE;
				GCC_WARN_UNUSED_FUNCTION = YES;
				GCC_WARN_UNUSED_VARIABLE = YES;
				LOCALIZATION_PREFERS_STRING_CATALOGS = YES;
				MACOSX_DEPLOYMENT_TARGET = 14.7;
				MTL_ENABLE_DEBUG_INFO = NO;
				MTL_FAST_MATH = YES;
				SDKROOT = macosx;
			};
			name = Release;
		};
		FD5FC5532D8A0E1500200078 /* Debug */ = {
			isa = XCBuildConfiguration;
			buildSettings = {
				CLANG_ENABLE_MODULES = YES;
				CODE_SIGN_STYLE = Automatic;
				HEADER_SEARCH_PATHS = /opt/homebrew/include/;
				LD_RUNPATH_SEARCH_PATHS = "@executable_path/../lib";
				LIBRARY_SEARCH_PATHS = (
					/opt/homebrew/lib/,
					/opt/homebrew/Cellar/sdl2_mixer/2.8.1_1/lib,
					/opt/homebrew/Cellar/sdl2_ttf/2.24.0/lib,
					/opt/homebrew/Cellar/sdl2_image/2.8.8/lib,
					/opt/homebrew/Cellar/sdl2_gfx/1.0.4/lib,
					/opt/homebrew/Cellar/sdl2/2.32.2/lib,
				);
				PRODUCT_NAME = "$(TARGET_NAME)";
				SWIFT_OPTIMIZATION_LEVEL = "-Onone";
				SWIFT_VERSION = 6.0;
			};
			name = Debug;
		};
		FD5FC5542D8A0E1500200078 /* Release */ = {
			isa = XCBuildConfiguration;
			buildSettings = {
				CLANG_ENABLE_MODULES = YES;
				CODE_SIGN_STYLE = Automatic;
				HEADER_SEARCH_PATHS = /opt/homebrew/include/;
				LD_RUNPATH_SEARCH_PATHS = "@executable_path/../lib";
				LIBRARY_SEARCH_PATHS = (
					/opt/homebrew/lib/,
					/opt/homebrew/Cellar/sdl2_mixer/2.8.1_1/lib,
					/opt/homebrew/Cellar/sdl2_ttf/2.24.0/lib,
					/opt/homebrew/Cellar/sdl2_image/2.8.8/lib,
					/opt/homebrew/Cellar/sdl2_gfx/1.0.4/lib,
					/opt/homebrew/Cellar/sdl2/2.32.2/lib,
				);
				PRODUCT_NAME = "$(TARGET_NAME)";
				SWIFT_VERSION = 6.0;
			};
			name = Release;
		};
/* End XCBuildConfiguration section */

/* Begin XCConfigurationList section */
		FD5FC5462D8A0E1500200078 /* Build configuration list for PBXProject "pacman" */ = {
			isa = XCConfigurationList;
			buildConfigurations = (
				FD5FC5502D8A0E1500200078 /* Debug */,
				FD5FC5512D8A0E1500200078 /* Release */,
			);
			defaultConfigurationIsVisible = 0;
			defaultConfigurationName = Release;
		};
		FD5FC5522D8A0E1500200078 /* Build configuration list for PBXNativeTarget "pacman" */ = {
			isa = XCConfigurationList;
			buildConfigurations = (
				FD5FC5532D8A0E1500200078 /* Debug */,
				FD5FC5542D8A0E1500200078 /* Release */,
			);
			defaultConfigurationIsVisible = 0;
			defaultConfigurationName = Release;
		};
/* End XCConfigurationList section */
	};
	rootObject = FD5FC5432D8A0E1500200078 /* Project object */;
}
